{
  "name": "nextjs-donation",
  "version": "0.1.0",
  "lockfileVersion": 3,
  "requires": true,
  "packages": {
    "": {
      "name": "nextjs-donation",
      "version": "0.1.0",
      "dependencies": {
        "@bamotf/node": "latest",
        "@bamotf/react": "latest",
        "@bamotf/utils": "latest",
        "@t3-oss/env-nextjs": "^0.6.1",
        "@types/node": "20.6.2",
        "@types/react": "18.2.22",
        "@types/react-dom": "18.2.7",
        "@vercel/kv": "^0.2.3",
        "next": "13.5.1",
        "pusher": "^5.1.3",
        "pusher-js": "^8.3.0",
        "react": "18.2.0",
        "react-dom": "18.2.0",
        "typescript": "5.2.2",
        "zod": "^3.22.2"
      }
    },
    "node_modules/@bamotf/node": {
      "version": "0.0.2",
      "resolved": "https://registry.npmjs.org/@bamotf/node/-/node-0.0.2.tgz",
      "integrity": "sha512-Hwj66Xs+z/UbO/x1POoctzbteV3ipOA872YKQsqIuq+Q0qwpbOW7Kjr4GJYnevwnd0xHbp+uHh3YOkAGFm9ToA==",
      "dependencies": {
        "@bitcoinerlab/secp256k1": "^1.0.5",
        "axios": "^1.4.0",
        "bip32": "^4.0.0",
        "bitcoinjs-lib": "^6.1.1",
        "secure-webhooks": "^0.3.0"
      }
    },
    "node_modules/@bamotf/react": {
      "version": "0.0.2",
      "resolved": "https://registry.npmjs.org/@bamotf/react/-/react-0.0.2.tgz",
      "integrity": "sha512-WvWJa6EG0kaPi9K+to23UxSybSwaf3aIlwAdo2/R/5R2VWC4RBVxoegRKevjjTBIsLyZIAHSCqruqAAHuTg8HA==",
      "dependencies": {
        "@bamotf/utils": "0.0.2",
        "lucide-react": "^0.233.0",
        "react": "^18.2.0",
        "react-dom": "^18.2.0"
      }
    },
    "node_modules/@bamotf/utils": {
      "version": "0.0.2",
      "resolved": "https://registry.npmjs.org/@bamotf/utils/-/utils-0.0.2.tgz",
      "integrity": "sha512-tN0bcIl5thLOmQ96mycWeiWvtACdlUuJa/VECUMg6heINISPx+xxN1wVwayJElwDuffZX0wSFXt0Ho9PiWb7ew=="
    },
    "node_modules/@bitcoinerlab/secp256k1": {
      "version": "1.0.5",
      "resolved": "https://registry.npmjs.org/@bitcoinerlab/secp256k1/-/secp256k1-1.0.5.tgz",
      "integrity": "sha512-8gT+ukTCFN2rTxn4hD9Jq3k+UJwcprgYjfK/SQUSLgznXoIgsBnlPuARMkyyuEjycQK9VvnPiejKdszVTflh+w==",
      "dependencies": {
        "@noble/hashes": "^1.1.5",
        "@noble/secp256k1": "^1.7.1"
      }
    },
    "node_modules/@next/env": {
      "version": "13.5.1",
      "resolved": "https://registry.npmjs.org/@next/env/-/env-13.5.1.tgz",
      "integrity": "sha512-CIMWiOTyflFn/GFx33iYXkgLSQsMQZV4jB91qaj/TfxGaGOXxn8C1j72TaUSPIyN7ziS/AYG46kGmnvuk1oOpg=="
    },
    "node_modules/@next/swc-darwin-arm64": {
      "version": "13.5.1",
      "resolved": "https://registry.npmjs.org/@next/swc-darwin-arm64/-/swc-darwin-arm64-13.5.1.tgz",
      "integrity": "sha512-Bcd0VFrLHZnMmJy6LqV1CydZ7lYaBao8YBEdQUVzV8Ypn/l5s//j5ffjfvMzpEQ4mzlAj3fIY+Bmd9NxpWhACw==",
      "cpu": [
        "arm64"
      ],
      "optional": true,
      "os": [
        "darwin"
      ],
      "engines": {
        "node": ">= 10"
      }
    },
    "node_modules/@next/swc-darwin-x64": {
      "version": "13.5.1",
      "resolved": "https://registry.npmjs.org/@next/swc-darwin-x64/-/swc-darwin-x64-13.5.1.tgz",
      "integrity": "sha512-uvTZrZa4D0bdWa1jJ7X1tBGIxzpqSnw/ATxWvoRO9CVBvXSx87JyuISY+BWsfLFF59IRodESdeZwkWM2l6+Kjg==",
      "cpu": [
        "x64"
      ],
      "optional": true,
      "os": [
        "darwin"
      ],
      "engines": {
        "node": ">= 10"
      }
    },
    "node_modules/@next/swc-linux-arm64-gnu": {
      "version": "13.5.1",
      "resolved": "https://registry.npmjs.org/@next/swc-linux-arm64-gnu/-/swc-linux-arm64-gnu-13.5.1.tgz",
      "integrity": "sha512-/52ThlqdORPQt3+AlMoO+omicdYyUEDeRDGPAj86ULpV4dg+/GCFCKAmFWT0Q4zChFwsAoZUECLcKbRdcc0SNg==",
      "cpu": [
        "arm64"
      ],
      "optional": true,
      "os": [
        "linux"
      ],
      "engines": {
        "node": ">= 10"
      }
    },
    "node_modules/@next/swc-linux-arm64-musl": {
      "version": "13.5.1",
      "resolved": "https://registry.npmjs.org/@next/swc-linux-arm64-musl/-/swc-linux-arm64-musl-13.5.1.tgz",
      "integrity": "sha512-L4qNXSOHeu1hEAeeNsBgIYVnvm0gg9fj2O2Yx/qawgQEGuFBfcKqlmIE/Vp8z6gwlppxz5d7v6pmHs1NB6R37w==",
      "cpu": [
        "arm64"
      ],
      "optional": true,
      "os": [
        "linux"
      ],
      "engines": {
        "node": ">= 10"
      }
    },
    "node_modules/@next/swc-linux-x64-gnu": {
      "version": "13.5.1",
      "resolved": "https://registry.npmjs.org/@next/swc-linux-x64-gnu/-/swc-linux-x64-gnu-13.5.1.tgz",
      "integrity": "sha512-QVvMrlrFFYvLtABk092kcZ5Mzlmsk2+SV3xYuAu8sbTuIoh0U2+HGNhVklmuYCuM3DAAxdiMQTNlRQmNH11udw==",
      "cpu": [
        "x64"
      ],
      "optional": true,
      "os": [
        "linux"
      ],
      "engines": {
        "node": ">= 10"
      }
    },
    "node_modules/@next/swc-linux-x64-musl": {
      "version": "13.5.1",
      "resolved": "https://registry.npmjs.org/@next/swc-linux-x64-musl/-/swc-linux-x64-musl-13.5.1.tgz",
      "integrity": "sha512-bBnr+XuWc28r9e8gQ35XBtyi5KLHLhTbEvrSgcWna8atI48sNggjIK8IyiEBO3KIrcUVXYkldAzGXPEYMnKt1g==",
      "cpu": [
        "x64"
      ],
      "optional": true,
      "os": [
        "linux"
      ],
      "engines": {
        "node": ">= 10"
      }
    },
    "node_modules/@next/swc-win32-arm64-msvc": {
      "version": "13.5.1",
      "resolved": "https://registry.npmjs.org/@next/swc-win32-arm64-msvc/-/swc-win32-arm64-msvc-13.5.1.tgz",
      "integrity": "sha512-EQGeE4S5c9v06jje9gr4UlxqUEA+zrsgPi6kg9VwR+dQHirzbnVJISF69UfKVkmLntknZJJI9XpWPB6q0Z7mTg==",
      "cpu": [
        "arm64"
      ],
      "optional": true,
      "os": [
        "win32"
      ],
      "engines": {
        "node": ">= 10"
      }
    },
    "node_modules/@next/swc-win32-ia32-msvc": {
      "version": "13.5.1",
      "resolved": "https://registry.npmjs.org/@next/swc-win32-ia32-msvc/-/swc-win32-ia32-msvc-13.5.1.tgz",
      "integrity": "sha512-1y31Q6awzofVjmbTLtRl92OX3s+W0ZfO8AP8fTnITcIo9a6ATDc/eqa08fd6tSpFu6IFpxOBbdevOjwYTGx/AQ==",
      "cpu": [
        "ia32"
      ],
      "optional": true,
      "os": [
        "win32"
      ],
      "engines": {
        "node": ">= 10"
      }
    },
    "node_modules/@next/swc-win32-x64-msvc": {
      "version": "13.5.1",
      "resolved": "https://registry.npmjs.org/@next/swc-win32-x64-msvc/-/swc-win32-x64-msvc-13.5.1.tgz",
      "integrity": "sha512-+9XBQizy7X/GuwNegq+5QkkxAPV7SBsIwapVRQd9WSvvU20YO23B3bZUpevdabi4fsd25y9RJDDncljy/V54ww==",
      "cpu": [
        "x64"
      ],
      "optional": true,
      "os": [
        "win32"
      ],
      "engines": {
        "node": ">= 10"
      }
    },
    "node_modules/@noble/hashes": {
      "version": "1.3.2",
      "resolved": "https://registry.npmjs.org/@noble/hashes/-/hashes-1.3.2.tgz",
      "integrity": "sha512-MVC8EAQp7MvEcm30KWENFjgR+Mkmf+D189XJTkFIlwohU5hcBbn1ZkKq7KVTi2Hme3PMGF390DaL52beVrIihQ==",
      "engines": {
        "node": ">= 16"
      },
      "funding": {
        "url": "https://paulmillr.com/funding/"
      }
    },
    "node_modules/@noble/secp256k1": {
      "version": "1.7.1",
      "resolved": "https://registry.npmjs.org/@noble/secp256k1/-/secp256k1-1.7.1.tgz",
      "integrity": "sha512-hOUk6AyBFmqVrv7k5WAw/LpszxVbj9gGN4JRkIX52fdFAj1UA61KXmZDvqVEm+pOyec3+fIeZB02LYa/pWOArw==",
      "funding": [
        {
          "type": "individual",
          "url": "https://paulmillr.com/funding/"
        }
      ]
    },
    "node_modules/@scure/base": {
      "version": "1.1.3",
      "resolved": "https://registry.npmjs.org/@scure/base/-/base-1.1.3.tgz",
      "integrity": "sha512-/+SgoRjLq7Xlf0CWuLHq2LUZeL/w65kfzAPG5NH9pcmBhs+nunQTn4gvdwgMTIXnt9b2C/1SeL2XiysZEyIC9Q==",
      "funding": {
        "url": "https://paulmillr.com/funding/"
      }
    },
    "node_modules/@swc/helpers": {
      "version": "0.5.2",
      "resolved": "https://registry.npmjs.org/@swc/helpers/-/helpers-0.5.2.tgz",
      "integrity": "sha512-E4KcWTpoLHqwPHLxidpOqQbcrZVgi0rsmmZXUle1jXmJfuIf/UWpczUJ7MZZ5tlxytgJXyp0w4PGkkeLiuIdZw==",
      "dependencies": {
        "tslib": "^2.4.0"
      }
    },
    "node_modules/@t3-oss/env-core": {
      "version": "0.6.1",
      "resolved": "https://registry.npmjs.org/@t3-oss/env-core/-/env-core-0.6.1.tgz",
      "integrity": "sha512-KQD7qEDJtkWIWWmTVjNvk0wnHpkvAQ6CRbUxbWMFNG/fiosBQDQvtRpBNu6USxBscJCoC4z6y7P9MN52/mLOzw==",
      "peerDependencies": {
        "typescript": ">=4.7.2",
        "zod": "^3.0.0"
      }
    },
    "node_modules/@t3-oss/env-nextjs": {
      "version": "0.6.1",
      "resolved": "https://registry.npmjs.org/@t3-oss/env-nextjs/-/env-nextjs-0.6.1.tgz",
      "integrity": "sha512-z1dIC++Vxj9kmzX5nSPfcrCSkszy3dTEPC4Ssx7Ap5AqR3c2Qa7S0xf8axn6coy7D/vCXDAAnHYnCMDhtcY3SQ==",
      "dependencies": {
        "@t3-oss/env-core": "0.6.1"
      },
      "peerDependencies": {
        "typescript": ">=4.7.2",
        "zod": "^3.0.0"
      }
    },
    "node_modules/@types/node": {
      "version": "20.6.2",
      "resolved": "https://registry.npmjs.org/@types/node/-/node-20.6.2.tgz",
      "integrity": "sha512-Y+/1vGBHV/cYk6OI1Na/LHzwnlNCAfU3ZNGrc1LdRe/LAIbdDPTTv/HU3M7yXN448aTVDq3eKRm2cg7iKLb8gw=="
    },
    "node_modules/@types/node-fetch": {
      "version": "2.6.5",
      "resolved": "https://registry.npmjs.org/@types/node-fetch/-/node-fetch-2.6.5.tgz",
      "integrity": "sha512-OZsUlr2nxvkqUFLSaY2ZbA+P1q22q+KrlxWOn/38RX+u5kTkYL2mTujEpzUhGkS+K/QCYp9oagfXG39XOzyySg==",
      "dependencies": {
        "@types/node": "*",
        "form-data": "^4.0.0"
      }
    },
    "node_modules/@types/prop-types": {
      "version": "15.7.6",
      "resolved": "https://registry.npmjs.org/@types/prop-types/-/prop-types-15.7.6.tgz",
      "integrity": "sha512-RK/kBbYOQQHLYj9Z95eh7S6t7gq4Ojt/NT8HTk8bWVhA5DaF+5SMnxHKkP4gPNN3wAZkKP+VjAf0ebtYzf+fxg=="
    },
    "node_modules/@types/react": {
      "version": "18.2.22",
      "resolved": "https://registry.npmjs.org/@types/react/-/react-18.2.22.tgz",
      "integrity": "sha512-60fLTOLqzarLED2O3UQImc/lsNRgG0jE/a1mPW9KjMemY0LMITWEsbS4VvZ4p6rorEHd5YKxxmMKSDK505GHpA==",
      "dependencies": {
        "@types/prop-types": "*",
        "@types/scheduler": "*",
        "csstype": "^3.0.2"
      }
    },
    "node_modules/@types/react-dom": {
      "version": "18.2.7",
      "resolved": "https://registry.npmjs.org/@types/react-dom/-/react-dom-18.2.7.tgz",
      "integrity": "sha512-GRaAEriuT4zp9N4p1i8BDBYmEyfo+xQ3yHjJU4eiK5NDa1RmUZG+unZABUTK4/Ox/M+GaHwb6Ow8rUITrtjszA==",
      "dependencies": {
        "@types/react": "*"
      }
    },
    "node_modules/@types/scheduler": {
      "version": "0.16.3",
      "resolved": "https://registry.npmjs.org/@types/scheduler/-/scheduler-0.16.3.tgz",
      "integrity": "sha512-5cJ8CB4yAx7BH1oMvdU0Jh9lrEXyPkar6F9G/ERswkCuvP4KQZfZkSjcMbAICCpQTN4OuZn8tz0HiKv9TGZgrQ=="
    },
    "node_modules/@upstash/redis": {
      "version": "1.22.0",
      "resolved": "https://registry.npmjs.org/@upstash/redis/-/redis-1.22.0.tgz",
      "integrity": "sha512-sXoJDoEqqik0HbrNE7yRWckOySEFsoBxfRdCgOqkc0w6py19ZZG50SpGkDDEUXSnBqP8VgGYXhWAiBpqxrt5oA==",
      "dependencies": {
        "isomorphic-fetch": "^3.0.0"
      }
    },
    "node_modules/@vercel/kv": {
      "version": "0.2.3",
      "resolved": "https://registry.npmjs.org/@vercel/kv/-/kv-0.2.3.tgz",
      "integrity": "sha512-Wq1+EsRBQmvLlcqCZeYVg1MAARWrnETgLe3Sy3UCqG+zg7LThpkt0YHZe1NN3Aj4IRmCKQamotWrLDdEx+ZB3w==",
      "dependencies": {
        "@upstash/redis": "1.22.0"
      },
      "engines": {
        "node": ">=14.6"
      }
    },
    "node_modules/abort-controller": {
      "version": "3.0.0",
      "resolved": "https://registry.npmjs.org/abort-controller/-/abort-controller-3.0.0.tgz",
      "integrity": "sha512-h8lQ8tacZYnR3vNQTgibj+tODHI5/+l06Au2Pcriv/Gmet0eaj4TwWH41sO9wnHDiQsEj19q0drzdWdeAHtweg==",
      "dependencies": {
        "event-target-shim": "^5.0.0"
      },
      "engines": {
        "node": ">=6.5"
      }
    },
    "node_modules/asynckit": {
      "version": "0.4.0",
      "resolved": "https://registry.npmjs.org/asynckit/-/asynckit-0.4.0.tgz",
      "integrity": "sha512-Oei9OH4tRh0YqU3GxhX79dM/mwVgvbZJaSNaRk+bshkj0S5cfHcgYakreBjrHwatXKbz+IoIdYLxrKim2MjW0Q=="
    },
    "node_modules/axios": {
      "version": "1.5.0",
      "resolved": "https://registry.npmjs.org/axios/-/axios-1.5.0.tgz",
      "integrity": "sha512-D4DdjDo5CY50Qms0qGQTTw6Q44jl7zRwY7bthds06pUGfChBCTcQs+N743eFWGEd6pRTMd6A+I87aWyFV5wiZQ==",
      "dependencies": {
        "follow-redirects": "^1.15.0",
        "form-data": "^4.0.0",
        "proxy-from-env": "^1.1.0"
      }
    },
    "node_modules/base-x": {
      "version": "4.0.0",
      "resolved": "https://registry.npmjs.org/base-x/-/base-x-4.0.0.tgz",
      "integrity": "sha512-FuwxlW4H5kh37X/oW59pwTzzTKRzfrrQwhmyspRM7swOEZcHtDZSCt45U6oKgtuFE+WYPblePMVIPR4RZrh/hw=="
    },
    "node_modules/bech32": {
      "version": "2.0.0",
      "resolved": "https://registry.npmjs.org/bech32/-/bech32-2.0.0.tgz",
      "integrity": "sha512-LcknSilhIGatDAsY1ak2I8VtGaHNhgMSYVxFrGLXv+xLHytaKZKcaUJJUE7qmBr7h33o5YQwP55pMI0xmkpJwg=="
    },
    "node_modules/bip174": {
      "version": "2.1.1",
      "resolved": "https://registry.npmjs.org/bip174/-/bip174-2.1.1.tgz",
      "integrity": "sha512-mdFV5+/v0XyNYXjBS6CQPLo9ekCx4gtKZFnJm5PMto7Fs9hTTDpkkzOB7/FtluRI6JbUUAu+snTYfJRgHLZbZQ==",
      "engines": {
        "node": ">=8.0.0"
      }
    },
    "node_modules/bip32": {
      "version": "4.0.0",
      "resolved": "https://registry.npmjs.org/bip32/-/bip32-4.0.0.tgz",
      "integrity": "sha512-aOGy88DDlVUhspIXJN+dVEtclhIsfAUppD43V0j40cPTld3pv/0X/MlrZSZ6jowIaQQzFwP8M6rFU2z2mVYjDQ==",
      "dependencies": {
        "@noble/hashes": "^1.2.0",
        "@scure/base": "^1.1.1",
        "typeforce": "^1.11.5",
        "wif": "^2.0.6"
      },
      "engines": {
        "node": ">=6.0.0"
      }
    },
    "node_modules/bitcoinjs-lib": {
      "version": "6.1.5",
      "resolved": "https://registry.npmjs.org/bitcoinjs-lib/-/bitcoinjs-lib-6.1.5.tgz",
      "integrity": "sha512-yuf6xs9QX/E8LWE2aMJPNd0IxGofwfuVOiYdNUESkc+2bHHVKjhJd8qewqapeoolh9fihzHGoDCB5Vkr57RZCQ==",
      "dependencies": {
        "@noble/hashes": "^1.2.0",
        "bech32": "^2.0.0",
        "bip174": "^2.1.1",
        "bs58check": "^3.0.1",
        "typeforce": "^1.11.3",
        "varuint-bitcoin": "^1.1.2"
      },
      "engines": {
        "node": ">=8.0.0"
      }
    },
    "node_modules/bs58": {
      "version": "5.0.0",
      "resolved": "https://registry.npmjs.org/bs58/-/bs58-5.0.0.tgz",
      "integrity": "sha512-r+ihvQJvahgYT50JD05dyJNKlmmSlMoOGwn1lCcEzanPglg7TxYjioQUYehQ9mAR/+hOSd2jRc/Z2y5UxBymvQ==",
      "dependencies": {
        "base-x": "^4.0.0"
      }
    },
    "node_modules/bs58check": {
      "version": "3.0.1",
      "resolved": "https://registry.npmjs.org/bs58check/-/bs58check-3.0.1.tgz",
      "integrity": "sha512-hjuuJvoWEybo7Hn/0xOrczQKKEKD63WguEjlhLExYs2wUBcebDC1jDNK17eEAD2lYfw82d5ASC1d7K3SWszjaQ==",
      "dependencies": {
        "@noble/hashes": "^1.2.0",
        "bs58": "^5.0.0"
      }
    },
    "node_modules/busboy": {
      "version": "1.6.0",
      "resolved": "https://registry.npmjs.org/busboy/-/busboy-1.6.0.tgz",
      "integrity": "sha512-8SFQbg/0hQ9xy3UNTB0YEnsNBbWfhf7RtnzpL7TkBiTBRfrQ9Fxcnz7VJsleJpyp6rVLvXiuORqjlHi5q+PYuA==",
      "dependencies": {
        "streamsearch": "^1.1.0"
      },
      "engines": {
        "node": ">=10.16.0"
      }
    },
    "node_modules/caniuse-lite": {
      "version": "1.0.30001538",
      "resolved": "https://registry.npmjs.org/caniuse-lite/-/caniuse-lite-1.0.30001538.tgz",
      "integrity": "sha512-HWJnhnID+0YMtGlzcp3T9drmBJUVDchPJ08tpUGFLs9CYlwWPH2uLgpHn8fND5pCgXVtnGS3H4QR9XLMHVNkHw==",
      "funding": [
        {
          "type": "opencollective",
          "url": "https://opencollective.com/browserslist"
        },
        {
          "type": "tidelift",
          "url": "https://tidelift.com/funding/github/npm/caniuse-lite"
        },
        {
          "type": "github",
          "url": "https://github.com/sponsors/ai"
        }
      ]
    },
    "node_modules/cipher-base": {
      "version": "1.0.4",
      "resolved": "https://registry.npmjs.org/cipher-base/-/cipher-base-1.0.4.tgz",
      "integrity": "sha512-Kkht5ye6ZGmwv40uUDZztayT2ThLQGfnj/T71N/XzeZeo3nf8foyW7zGTsPYkEya3m5f3cAypH+qe7YOrM1U2Q==",
      "dependencies": {
        "inherits": "^2.0.1",
        "safe-buffer": "^5.0.1"
      }
    },
    "node_modules/client-only": {
      "version": "0.0.1",
      "resolved": "https://registry.npmjs.org/client-only/-/client-only-0.0.1.tgz",
      "integrity": "sha512-IV3Ou0jSMzZrd3pZ48nLkT9DA7Ag1pnPzaiQhpW7c3RbcqqzvzzVu+L8gfqMp/8IM2MQtSiqaCxrrcfu8I8rMA=="
    },
    "node_modules/combined-stream": {
      "version": "1.0.8",
      "resolved": "https://registry.npmjs.org/combined-stream/-/combined-stream-1.0.8.tgz",
      "integrity": "sha512-FQN4MRfuJeHf7cBbBMJFXhKSDq+2kAArBlmRBvcvFE5BB1HZKXtSFASDhdlz9zOYwxh8lDdnvmMOe/+5cdoEdg==",
      "dependencies": {
        "delayed-stream": "~1.0.0"
      },
      "engines": {
        "node": ">= 0.8"
      }
    },
    "node_modules/create-hash": {
      "version": "1.2.0",
      "resolved": "https://registry.npmjs.org/create-hash/-/create-hash-1.2.0.tgz",
      "integrity": "sha512-z00bCGNHDG8mHAkP7CtT1qVu+bFQUPjYq/4Iv3C3kWjTFV10zIjfSoeqXo9Asws8gwSHDGj/hl2u4OGIjapeCg==",
      "dependencies": {
        "cipher-base": "^1.0.1",
        "inherits": "^2.0.1",
        "md5.js": "^1.3.4",
        "ripemd160": "^2.0.1",
        "sha.js": "^2.4.0"
      }
    },
    "node_modules/csstype": {
      "version": "3.1.2",
      "resolved": "https://registry.npmjs.org/csstype/-/csstype-3.1.2.tgz",
      "integrity": "sha512-I7K1Uu0MBPzaFKg4nI5Q7Vs2t+3gWWW648spaF+Rg7pI9ds18Ugn+lvg4SHczUdKlHI5LWBXyqfS8+DufyBsgQ=="
    },
    "node_modules/delayed-stream": {
      "version": "1.0.0",
      "resolved": "https://registry.npmjs.org/delayed-stream/-/delayed-stream-1.0.0.tgz",
      "integrity": "sha512-ZySD7Nf91aLB0RxL4KGrKHBXl7Eds1DAmEdcoVawXnLD7SDhpNgtuII2aAkg7a7QS41jxPSZ17p4VdGnMHk3MQ==",
      "engines": {
        "node": ">=0.4.0"
      }
    },
    "node_modules/event-target-shim": {
      "version": "5.0.1",
      "resolved": "https://registry.npmjs.org/event-target-shim/-/event-target-shim-5.0.1.tgz",
      "integrity": "sha512-i/2XbnSz/uxRCU6+NdVJgKWDTM427+MqYbkQzD321DuCQJUqOuJKIA0IM2+W2xtYHdKOmZ4dR6fExsd4SXL+WQ==",
      "engines": {
        "node": ">=6"
      }
    },
    "node_modules/follow-redirects": {
      "version": "1.15.3",
      "resolved": "https://registry.npmjs.org/follow-redirects/-/follow-redirects-1.15.3.tgz",
      "integrity": "sha512-1VzOtuEM8pC9SFU1E+8KfTjZyMztRsgEfwQl44z8A25uy13jSzTj6dyK2Df52iV0vgHCfBwLhDWevLn95w5v6Q==",
      "funding": [
        {
          "type": "individual",
          "url": "https://github.com/sponsors/RubenVerborgh"
        }
      ],
      "engines": {
        "node": ">=4.0"
      },
      "peerDependenciesMeta": {
        "debug": {
          "optional": true
        }
      }
    },
    "node_modules/form-data": {
      "version": "4.0.0",
      "resolved": "https://registry.npmjs.org/form-data/-/form-data-4.0.0.tgz",
      "integrity": "sha512-ETEklSGi5t0QMZuiXoA/Q6vcnxcLQP5vdugSpuAyi6SVGi2clPPp+xgEhuMaHC+zGgn31Kd235W35f7Hykkaww==",
      "dependencies": {
        "asynckit": "^0.4.0",
        "combined-stream": "^1.0.8",
        "mime-types": "^2.1.12"
      },
      "engines": {
        "node": ">= 6"
      }
    },
    "node_modules/glob-to-regexp": {
      "version": "0.4.1",
      "resolved": "https://registry.npmjs.org/glob-to-regexp/-/glob-to-regexp-0.4.1.tgz",
      "integrity": "sha512-lkX1HJXwyMcprw/5YUZc2s7DrpAiHB21/V+E1rHUrVNokkvB6bqMzT0VfV6/86ZNabt1k14YOIaT7nDvOX3Iiw=="
    },
    "node_modules/graceful-fs": {
      "version": "4.2.11",
      "resolved": "https://registry.npmjs.org/graceful-fs/-/graceful-fs-4.2.11.tgz",
      "integrity": "sha512-RbJ5/jmFcNNCcDV5o9eTnBLJ/HszWV0P73bc+Ff4nS/rJj+YaS6IGyiOL0VoBYX+l1Wrl3k63h/KrH+nhJ0XvQ=="
    },
    "node_modules/hash-base": {
      "version": "3.1.0",
      "resolved": "https://registry.npmjs.org/hash-base/-/hash-base-3.1.0.tgz",
      "integrity": "sha512-1nmYp/rhMDiE7AYkDw+lLwlAzz0AntGIe51F3RfFfEqyQ3feY2eI/NcwC6umIQVOASPMsWJLJScWKSSvzL9IVA==",
      "dependencies": {
        "inherits": "^2.0.4",
        "readable-stream": "^3.6.0",
        "safe-buffer": "^5.2.0"
      },
      "engines": {
        "node": ">=4"
      }
    },
    "node_modules/inherits": {
      "version": "2.0.4",
      "resolved": "https://registry.npmjs.org/inherits/-/inherits-2.0.4.tgz",
      "integrity": "sha512-k/vGaX4/Yla3WzyMCvTQOXYeIHvqOKtnqBduzTHpzpQZzAskKMhZ2K+EnBiSM9zGSoIFeMpXKxa4dYeZIQqewQ=="
    },
    "node_modules/is-base64": {
      "version": "1.1.0",
      "resolved": "https://registry.npmjs.org/is-base64/-/is-base64-1.1.0.tgz",
      "integrity": "sha512-Nlhg7Z2dVC4/PTvIFkgVVNvPHSO2eR/Yd0XzhGiXCXEvWnptXlXa/clQ8aePPiMuxEGcWfzWbGw2Fe3d+Y3v1g==",
      "bin": {
        "is_base64": "bin/is-base64",
        "is-base64": "bin/is-base64"
      }
    },
    "node_modules/isomorphic-fetch": {
      "version": "3.0.0",
      "resolved": "https://registry.npmjs.org/isomorphic-fetch/-/isomorphic-fetch-3.0.0.tgz",
      "integrity": "sha512-qvUtwJ3j6qwsF3jLxkZ72qCgjMysPzDfeV240JHiGZsANBYd+EEuu35v7dfrJ9Up0Ak07D7GGSkGhCHTqg/5wA==",
      "dependencies": {
        "node-fetch": "^2.6.1",
        "whatwg-fetch": "^3.4.1"
      }
    },
    "node_modules/js-tokens": {
      "version": "4.0.0",
      "resolved": "https://registry.npmjs.org/js-tokens/-/js-tokens-4.0.0.tgz",
      "integrity": "sha512-RdJUflcE3cUzKiMqQgsCu06FPu9UdIJO0beYbPhHN4k6apgJtifcoCtT9bcxOpYBtpD2kCM6Sbzg4CausW/PKQ=="
    },
    "node_modules/loose-envify": {
      "version": "1.4.0",
      "resolved": "https://registry.npmjs.org/loose-envify/-/loose-envify-1.4.0.tgz",
      "integrity": "sha512-lyuxPGr/Wfhrlem2CL/UcnUc1zcqKAImBDzukY7Y5F/yQiNdko6+fRLevlw1HgMySw7f611UIY408EtxRSoK3Q==",
      "dependencies": {
        "js-tokens": "^3.0.0 || ^4.0.0"
      },
      "bin": {
        "loose-envify": "cli.js"
      }
    },
    "node_modules/lucide-react": {
      "version": "0.233.0",
      "resolved": "https://registry.npmjs.org/lucide-react/-/lucide-react-0.233.0.tgz",
      "integrity": "sha512-r0jMHF0vPDq2wBbZ0B3rtIcBjDyWDKpHu+vAjD2OHn2WLUr3HN5IHovtO0EMgQXuSI7YrMZbjsEZWC2uBHr8nQ==",
      "peerDependencies": {
        "react": "^16.5.1 || ^17.0.0 || ^18.0.0"
      }
    },
    "node_modules/md5.js": {
      "version": "1.3.5",
      "resolved": "https://registry.npmjs.org/md5.js/-/md5.js-1.3.5.tgz",
      "integrity": "sha512-xitP+WxNPcTTOgnTJcrhM0xvdPepipPSf3I8EIpGKeFLjt3PlJLIDG3u8EX53ZIubkb+5U2+3rELYpEhHhzdkg==",
      "dependencies": {
        "hash-base": "^3.0.0",
        "inherits": "^2.0.1",
        "safe-buffer": "^5.1.2"
      }
    },
    "node_modules/mime-db": {
      "version": "1.52.0",
      "resolved": "https://registry.npmjs.org/mime-db/-/mime-db-1.52.0.tgz",
      "integrity": "sha512-sPU4uV7dYlvtWJxwwxHD0PuihVNiE7TyAbQ5SWxDCB9mUYvOgroQOwYQQOKPJ8CIbE+1ETVlOoK1UC2nU3gYvg==",
      "engines": {
        "node": ">= 0.6"
      }
    },
    "node_modules/mime-types": {
      "version": "2.1.35",
      "resolved": "https://registry.npmjs.org/mime-types/-/mime-types-2.1.35.tgz",
      "integrity": "sha512-ZDY+bPm5zTTF+YpCrAU9nK0UgICYPT0QtT1NZWFv4s++TNkcgVaT0g6+4R2uI4MjQjzysHB1zxuWL50hzaeXiw==",
      "dependencies": {
        "mime-db": "1.52.0"
      },
      "engines": {
        "node": ">= 0.6"
      }
    },
    "node_modules/nanoid": {
      "version": "3.3.6",
      "resolved": "https://registry.npmjs.org/nanoid/-/nanoid-3.3.6.tgz",
      "integrity": "sha512-BGcqMMJuToF7i1rt+2PWSNVnWIkGCU78jBG3RxO/bZlnZPK2Cmi2QaffxGO/2RvWi9sL+FAiRiXMgsyxQ1DIDA==",
      "funding": [
        {
          "type": "github",
          "url": "https://github.com/sponsors/ai"
        }
      ],
      "bin": {
        "nanoid": "bin/nanoid.cjs"
      },
      "engines": {
        "node": "^10 || ^12 || ^13.7 || ^14 || >=15.0.1"
      }
    },
    "node_modules/next": {
      "version": "13.5.1",
      "resolved": "https://registry.npmjs.org/next/-/next-13.5.1.tgz",
      "integrity": "sha512-GIudNR7ggGUZoIL79mSZcxbXK9f5pwAIPZxEM8+j2yLqv5RODg4TkmUlaKSYVqE1bPQueamXSqdC3j7axiTSEg==",
      "dependencies": {
        "@next/env": "13.5.1",
        "@swc/helpers": "0.5.2",
        "busboy": "1.6.0",
        "caniuse-lite": "^1.0.30001406",
        "postcss": "8.4.14",
        "styled-jsx": "5.1.1",
        "watchpack": "2.4.0",
        "zod": "3.21.4"
      },
      "bin": {
        "next": "dist/bin/next"
      },
      "engines": {
        "node": ">=16.14.0"
      },
      "optionalDependencies": {
        "@next/swc-darwin-arm64": "13.5.1",
        "@next/swc-darwin-x64": "13.5.1",
        "@next/swc-linux-arm64-gnu": "13.5.1",
        "@next/swc-linux-arm64-musl": "13.5.1",
        "@next/swc-linux-x64-gnu": "13.5.1",
        "@next/swc-linux-x64-musl": "13.5.1",
        "@next/swc-win32-arm64-msvc": "13.5.1",
        "@next/swc-win32-ia32-msvc": "13.5.1",
        "@next/swc-win32-x64-msvc": "13.5.1"
      },
      "peerDependencies": {
        "@opentelemetry/api": "^1.1.0",
        "react": "^18.2.0",
        "react-dom": "^18.2.0",
        "sass": "^1.3.0"
      },
      "peerDependenciesMeta": {
        "@opentelemetry/api": {
          "optional": true
        },
        "sass": {
          "optional": true
        }
      }
    },
    "node_modules/next/node_modules/zod": {
      "version": "3.21.4",
      "resolved": "https://registry.npmjs.org/zod/-/zod-3.21.4.tgz",
      "integrity": "sha512-m46AKbrzKVzOzs/DZgVnG5H55N1sv1M8qZU3A8RIKbs3mrACDNeIOeilDymVb2HdmP8uwshOCF4uJ8uM9rCqJw==",
      "funding": {
        "url": "https://github.com/sponsors/colinhacks"
      }
    },
    "node_modules/node-fetch": {
      "version": "2.7.0",
      "resolved": "https://registry.npmjs.org/node-fetch/-/node-fetch-2.7.0.tgz",
      "integrity": "sha512-c4FRfUm/dbcWZ7U+1Wq0AwCyFL+3nt2bEw05wfxSz+DWpWsitgmSgYmy2dQdWyKC1694ELPqMs/YzUSNozLt8A==",
      "dependencies": {
        "whatwg-url": "^5.0.0"
      },
      "engines": {
        "node": "4.x || >=6.0.0"
      },
      "peerDependencies": {
        "encoding": "^0.1.0"
      },
      "peerDependenciesMeta": {
        "encoding": {
          "optional": true
        }
      }
    },
    "node_modules/picocolors": {
      "version": "1.0.0",
      "resolved": "https://registry.npmjs.org/picocolors/-/picocolors-1.0.0.tgz",
      "integrity": "sha512-1fygroTLlHu66zi26VoTDv8yRgm0Fccecssto+MhsZ0D/DGW2sm8E8AjW7NU5VVTRt5GxbeZ5qBuJr+HyLYkjQ=="
    },
    "node_modules/postcss": {
      "version": "8.4.14",
      "resolved": "https://registry.npmjs.org/postcss/-/postcss-8.4.14.tgz",
      "integrity": "sha512-E398TUmfAYFPBSdzgeieK2Y1+1cpdxJx8yXbK/m57nRhKSmk1GB2tO4lbLBtlkfPQTDKfe4Xqv1ASWPpayPEig==",
      "funding": [
        {
          "type": "opencollective",
          "url": "https://opencollective.com/postcss/"
        },
        {
          "type": "tidelift",
          "url": "https://tidelift.com/funding/github/npm/postcss"
        }
      ],
      "dependencies": {
        "nanoid": "^3.3.4",
        "picocolors": "^1.0.0",
        "source-map-js": "^1.0.2"
      },
      "engines": {
        "node": "^10 || ^12 || >=14"
      }
    },
    "node_modules/proxy-from-env": {
      "version": "1.1.0",
      "resolved": "https://registry.npmjs.org/proxy-from-env/-/proxy-from-env-1.1.0.tgz",
      "integrity": "sha512-D+zkORCbA9f1tdWRK0RaCR3GPv50cMxcrz4X8k5LTSUD1Dkw47mKJEZQNunItRTkWwgtaUSo1RVFRIG9ZXiFYg=="
    },
    "node_modules/pusher": {
      "version": "5.1.3",
      "resolved": "https://registry.npmjs.org/pusher/-/pusher-5.1.3.tgz",
      "integrity": "sha512-Bmy5guFxQsbYSFLF3CM7GA2qE1zDJYn51PnNme9QlSjGguvkqUg4nj31PbgiLVDFK2sJvxPfx4JrB2HLgM3kaw==",
      "dependencies": {
        "@types/node-fetch": "^2.5.7",
        "abort-controller": "^3.0.0",
        "is-base64": "^1.1.0",
        "node-fetch": "^2.6.1",
        "tweetnacl": "^1.0.0",
        "tweetnacl-util": "^0.15.0"
      },
      "engines": {
        "node": ">= 4.0.0"
      }
    },
    "node_modules/pusher-js": {
      "version": "8.3.0",
      "resolved": "https://registry.npmjs.org/pusher-js/-/pusher-js-8.3.0.tgz",
      "integrity": "sha512-6GohP06WlVeomAQQe9qWh1IDzd3+InluWt+ZUOcecVK1SEQkg6a8uYVsvxSJm7cbccfmHhE0jDkmhKIhue8vmA==",
      "dependencies": {
        "tweetnacl": "^1.0.3"
      }
    },
    "node_modules/react": {
      "version": "18.2.0",
      "resolved": "https://registry.npmjs.org/react/-/react-18.2.0.tgz",
      "integrity": "sha512-/3IjMdb2L9QbBdWiW5e3P2/npwMBaU9mHCSCUzNln0ZCYbcfTsGbTJrU/kGemdH2IWmB2ioZ+zkxtmq6g09fGQ==",
      "dependencies": {
        "loose-envify": "^1.1.0"
      },
      "engines": {
        "node": ">=0.10.0"
      }
    },
    "node_modules/react-dom": {
      "version": "18.2.0",
      "resolved": "https://registry.npmjs.org/react-dom/-/react-dom-18.2.0.tgz",
      "integrity": "sha512-6IMTriUmvsjHUjNtEDudZfuDQUoWXVxKHhlEGSk81n4YFS+r/Kl99wXiwlVXtPBtJenozv2P+hxDsw9eA7Xo6g==",
      "dependencies": {
        "loose-envify": "^1.1.0",
        "scheduler": "^0.23.0"
      },
      "peerDependencies": {
        "react": "^18.2.0"
      }
    },
    "node_modules/readable-stream": {
      "version": "3.6.2",
      "resolved": "https://registry.npmjs.org/readable-stream/-/readable-stream-3.6.2.tgz",
      "integrity": "sha512-9u/sniCrY3D5WdsERHzHE4G2YCXqoG5FTHUiCC4SIbr6XcLZBY05ya9EKjYek9O5xOAwjGq+1JdGBAS7Q9ScoA==",
      "dependencies": {
        "inherits": "^2.0.3",
        "string_decoder": "^1.1.1",
        "util-deprecate": "^1.0.1"
      },
      "engines": {
        "node": ">= 6"
      }
    },
    "node_modules/ripemd160": {
      "version": "2.0.2",
      "resolved": "https://registry.npmjs.org/ripemd160/-/ripemd160-2.0.2.tgz",
      "integrity": "sha512-ii4iagi25WusVoiC4B4lq7pbXfAp3D9v5CwfkY33vffw2+pkDjY1D8GaN7spsxvCSx8dkPqOZCEZyfxcmJG2IA==",
      "dependencies": {
        "hash-base": "^3.0.0",
        "inherits": "^2.0.1"
      }
    },
    "node_modules/safe-buffer": {
      "version": "5.2.1",
      "resolved": "https://registry.npmjs.org/safe-buffer/-/safe-buffer-5.2.1.tgz",
      "integrity": "sha512-rp3So07KcdmmKbGvgaNxQSJr7bGVSVk5S9Eq1F+ppbRo70+YeaDxkw5Dd8NPN+GD6bjnYm2VuPuCXmpuYvmCXQ==",
      "funding": [
        {
          "type": "github",
          "url": "https://github.com/sponsors/feross"
        },
        {
          "type": "patreon",
          "url": "https://www.patreon.com/feross"
        },
        {
          "type": "consulting",
          "url": "https://feross.org/support"
        }
      ]
    },
    "node_modules/scheduler": {
      "version": "0.23.0",
      "resolved": "https://registry.npmjs.org/scheduler/-/scheduler-0.23.0.tgz",
      "integrity": "sha512-CtuThmgHNg7zIZWAXi3AsyIzA3n4xx7aNyjwC2VJldO2LMVDhFK+63xGqq6CsJH4rTAt6/M+N4GhZiDYPx9eUw==",
      "dependencies": {
        "loose-envify": "^1.1.0"
      }
    },
    "node_modules/secure-webhooks": {
      "version": "0.3.0",
      "resolved": "https://registry.npmjs.org/secure-webhooks/-/secure-webhooks-0.3.0.tgz",
      "integrity": "sha512-UMcMEIvRHfbrAY2zhfv6ugEjkgbBXNwml50iDzq2FZBMeFoeJnfzw7RZFSUBcGG+/myfRP5A5Shw3msWdENxUA==",
      "engines": {
        "node": ">=10"
      }
    },
    "node_modules/sha.js": {
      "version": "2.4.11",
      "resolved": "https://registry.npmjs.org/sha.js/-/sha.js-2.4.11.tgz",
      "integrity": "sha512-QMEp5B7cftE7APOjk5Y6xgrbWu+WkLVQwk8JNjZ8nKRciZaByEW6MubieAiToS7+dwvrjGhH8jRXz3MVd0AYqQ==",
      "dependencies": {
        "inherits": "^2.0.1",
        "safe-buffer": "^5.0.1"
      },
      "bin": {
        "sha.js": "bin.js"
      }
    },
    "node_modules/source-map-js": {
      "version": "1.0.2",
      "resolved": "https://registry.npmjs.org/source-map-js/-/source-map-js-1.0.2.tgz",
      "integrity": "sha512-R0XvVJ9WusLiqTCEiGCmICCMplcCkIwwR11mOSD9CR5u+IXYdiseeEuXCVAjS54zqwkLcPNnmU4OeJ6tUrWhDw==",
      "engines": {
        "node": ">=0.10.0"
      }
    },
    "node_modules/streamsearch": {
      "version": "1.1.0",
      "resolved": "https://registry.npmjs.org/streamsearch/-/streamsearch-1.1.0.tgz",
      "integrity": "sha512-Mcc5wHehp9aXz1ax6bZUyY5afg9u2rv5cqQI3mRrYkGC8rW2hM02jWuwjtL++LS5qinSyhj2QfLyNsuc+VsExg==",
      "engines": {
        "node": ">=10.0.0"
      }
    },
    "node_modules/string_decoder": {
      "version": "1.3.0",
      "resolved": "https://registry.npmjs.org/string_decoder/-/string_decoder-1.3.0.tgz",
      "integrity": "sha512-hkRX8U1WjJFd8LsDJ2yQ/wWWxaopEsABU1XfkM8A+j0+85JAGppt16cr1Whg6KIbb4okU6Mql6BOj+uup/wKeA==",
      "dependencies": {
        "safe-buffer": "~5.2.0"
      }
    },
    "node_modules/styled-jsx": {
      "version": "5.1.1",
      "resolved": "https://registry.npmjs.org/styled-jsx/-/styled-jsx-5.1.1.tgz",
      "integrity": "sha512-pW7uC1l4mBZ8ugbiZrcIsiIvVx1UmTfw7UkC3Um2tmfUq9Bhk8IiyEIPl6F8agHgjzku6j0xQEZbfA5uSgSaCw==",
      "dependencies": {
        "client-only": "0.0.1"
      },
      "engines": {
        "node": ">= 12.0.0"
      },
      "peerDependencies": {
        "react": ">= 16.8.0 || 17.x.x || ^18.0.0-0"
      },
      "peerDependenciesMeta": {
        "@babel/core": {
          "optional": true
        },
        "babel-plugin-macros": {
          "optional": true
        }
      }
    },
    "node_modules/tr46": {
      "version": "0.0.3",
      "resolved": "https://registry.npmjs.org/tr46/-/tr46-0.0.3.tgz",
      "integrity": "sha512-N3WMsuqV66lT30CrXNbEjx4GEwlow3v6rr4mCcv6prnfwhS01rkgyFdjPNBYd9br7LpXV1+Emh01fHnq2Gdgrw=="
    },
    "node_modules/tslib": {
      "version": "2.6.2",
      "resolved": "https://registry.npmjs.org/tslib/-/tslib-2.6.2.tgz",
      "integrity": "sha512-AEYxH93jGFPn/a2iVAwW87VuUIkR1FVUKB77NwMF7nBTDkDrrT/Hpt/IrCJ0QXhW27jTBDcf5ZY7w6RiqTMw2Q=="
    },
    "node_modules/tweetnacl": {
      "version": "1.0.3",
      "resolved": "https://registry.npmjs.org/tweetnacl/-/tweetnacl-1.0.3.tgz",
      "integrity": "sha512-6rt+RN7aOi1nGMyC4Xa5DdYiukl2UWCbcJft7YhxReBGQD7OAM8Pbxw6YMo4r2diNEA8FEmu32YOn9rhaiE5yw=="
    },
    "node_modules/tweetnacl-util": {
      "version": "0.15.1",
      "resolved": "https://registry.npmjs.org/tweetnacl-util/-/tweetnacl-util-0.15.1.tgz",
      "integrity": "sha512-RKJBIj8lySrShN4w6i/BonWp2Z/uxwC3h4y7xsRrpP59ZboCd0GpEVsOnMDYLMmKBpYhb5TgHzZXy7wTfYFBRw=="
    },
    "node_modules/typeforce": {
      "version": "1.18.0",
      "resolved": "https://registry.npmjs.org/typeforce/-/typeforce-1.18.0.tgz",
      "integrity": "sha512-7uc1O8h1M1g0rArakJdf0uLRSSgFcYexrVoKo+bzJd32gd4gDy2L/Z+8/FjPnU9ydY3pEnVPtr9FyscYY60K1g=="
    },
    "node_modules/typescript": {
      "version": "5.2.2",
      "resolved": "https://registry.npmjs.org/typescript/-/typescript-5.2.2.tgz",
      "integrity": "sha512-mI4WrpHsbCIcwT9cF4FZvr80QUeKvsUsUvKDoR+X/7XHQH98xYD8YHZg7ANtz2GtZt/CBq2QJ0thkGJMHfqc1w==",
      "bin": {
        "tsc": "bin/tsc",
        "tsserver": "bin/tsserver"
      },
      "engines": {
        "node": ">=14.17"
      }
    },
    "node_modules/util-deprecate": {
      "version": "1.0.2",
      "resolved": "https://registry.npmjs.org/util-deprecate/-/util-deprecate-1.0.2.tgz",
      "integrity": "sha512-EPD5q1uXyFxJpCrLnCc1nHnq3gOa6DZBocAIiI2TaSCA7VCJ1UJDMagCzIkXNsUYfD1daK//LTEQ8xiIbrHtcw=="
    },
    "node_modules/varuint-bitcoin": {
      "version": "1.1.2",
      "resolved": "https://registry.npmjs.org/varuint-bitcoin/-/varuint-bitcoin-1.1.2.tgz",
      "integrity": "sha512-4EVb+w4rx+YfVM32HQX42AbbT7/1f5zwAYhIujKXKk8NQK+JfRVl3pqT3hjNn/L+RstigmGGKVwHA/P0wgITZw==",
      "dependencies": {
        "safe-buffer": "^5.1.1"
      }
    },
    "node_modules/watchpack": {
      "version": "2.4.0",
      "resolved": "https://registry.npmjs.org/watchpack/-/watchpack-2.4.0.tgz",
      "integrity": "sha512-Lcvm7MGST/4fup+ifyKi2hjyIAwcdI4HRgtvTpIUxBRhB+RFtUh8XtDOxUfctVCnhVi+QQj49i91OyvzkJl6cg==",
      "dependencies": {
        "glob-to-regexp": "^0.4.1",
        "graceful-fs": "^4.1.2"
      },
      "engines": {
        "node": ">=10.13.0"
      }
    },
    "node_modules/webidl-conversions": {
      "version": "3.0.1",
      "resolved": "https://registry.npmjs.org/webidl-conversions/-/webidl-conversions-3.0.1.tgz",
      "integrity": "sha512-2JAn3z8AR6rjK8Sm8orRC0h/bcl/DqL7tRPdGZ4I1CjdF+EaMLmYxBHyXuKL849eucPFhvBoxMsflfOb8kxaeQ=="
    },
    "node_modules/whatwg-fetch": {
      "version": "3.6.19",
      "resolved": "https://registry.npmjs.org/whatwg-fetch/-/whatwg-fetch-3.6.19.tgz",
      "integrity": "sha512-d67JP4dHSbm2TrpFj8AbO8DnL1JXL5J9u0Kq2xW6d0TFDbCA3Muhdt8orXC22utleTVj7Prqt82baN6RBvnEgw=="
    },
    "node_modules/whatwg-url": {
      "version": "5.0.0",
      "resolved": "https://registry.npmjs.org/whatwg-url/-/whatwg-url-5.0.0.tgz",
      "integrity": "sha512-saE57nupxk6v3HY35+jzBwYa0rKSy0XR8JSxZPwgLr7ys0IBzhGviA1/TUGJLmSVqs8pb9AnvICXEuOHLprYTw==",
      "dependencies": {
        "tr46": "~0.0.3",
        "webidl-conversions": "^3.0.0"
      }
    },
    "node_modules/wif": {
      "version": "2.0.6",
      "resolved": "https://registry.npmjs.org/wif/-/wif-2.0.6.tgz",
      "integrity": "sha512-HIanZn1zmduSF+BQhkE+YXIbEiH0xPr1012QbFEGB0xsKqJii0/SqJjyn8dFv6y36kOznMgMB+LGcbZTJ1xACQ==",
      "dependencies": {
        "bs58check": "<3.0.0"
      }
    },
    "node_modules/wif/node_modules/base-x": {
      "version": "3.0.9",
      "resolved": "https://registry.npmjs.org/base-x/-/base-x-3.0.9.tgz",
      "integrity": "sha512-H7JU6iBHTal1gp56aKoaa//YUxEaAOUiydvrV/pILqIHXTtqxSkATOnDA2u+jZ/61sD+L/412+7kzXRtWukhpQ==",
      "dependencies": {
        "safe-buffer": "^5.0.1"
      }
    },
    "node_modules/wif/node_modules/bs58": {
      "version": "4.0.1",
      "resolved": "https://registry.npmjs.org/bs58/-/bs58-4.0.1.tgz",
      "integrity": "sha512-Ok3Wdf5vOIlBrgCvTq96gBkJw+JUEzdBgyaza5HLtPm7yTHkjRy8+JzNyHF7BHa0bNWOQIp3m5YF0nnFcOIKLw==",
      "dependencies": {
        "base-x": "^3.0.2"
      }
    },
    "node_modules/wif/node_modules/bs58check": {
      "version": "2.1.2",
      "resolved": "https://registry.npmjs.org/bs58check/-/bs58check-2.1.2.tgz",
      "integrity": "sha512-0TS1jicxdU09dwJMNZtVAfzPi6Q6QeN0pM1Fkzrjn+XYHvzMKPU3pHVpva+769iNVSfIYWf7LJ6WR+BuuMf8cA==",
      "dependencies": {
        "bs58": "^4.0.0",
        "create-hash": "^1.1.0",
        "safe-buffer": "^5.1.2"
      }
    },
    "node_modules/zod": {
      "version": "3.22.2",
      "resolved": "https://registry.npmjs.org/zod/-/zod-3.22.2.tgz",
      "integrity": "sha512-wvWkphh5WQsJbVk1tbx1l1Ly4yg+XecD+Mq280uBGt9wa5BKSWf4Mhp6GmrkPixhMxmabYY7RbzlwVP32pbGCg==",
      "funding": {
        "url": "https://github.com/sponsors/colinhacks"
      }
    }
  }
}
